
Microsoft Visual Studio Solution File, Format Version 12.00
# Visual Studio 14
VisualStudioVersion = 14.0.25420.1
MinimumVisualStudioVersion = 10.0.40219.1
Project("{FAE04EC0-301F-11D3-BF4B-00C04F79EFBC}") = "SCMS", "SCMS\SCMS.csproj", "{86A4821B-CF2F-44EE-8DA7-6F2356403075}"
EndProject
Project("{FAE04EC0-301F-11D3-BF4B-00C04F79EFBC}") = "DAL", "DAL\DAL.csproj", "{0D3773C8-9323-461D-8C6F-1833B9500FFE}"
EndProject
Project("{FAE04EC0-301F-11D3-BF4B-00C04F79EFBC}") = "SCMSTest", "SCMSTest\SCMSTest.csproj", "{7A4B0965-B17F-47BA-9559-20665C2857DC}"
EndProject
Global
	GlobalSection(SolutionConfigurationPlatforms) = preSolution
		Debug|Any CPU = Debug|Any CPU
		Release|Any CPU = Release|Any CPU
	EndGlobalSection
	GlobalSection(ProjectConfigurationPlatforms) = postSolution
		{86A4821B-CF2F-44EE-8DA7-6F2356403075}.Debug|Any CPU.ActiveCfg = Debug|Any CPU
		{86A4821B-CF2F-44EE-8DA7-6F2356403075}.Debug|Any CPU.Build.0 = Debug|Any CPU
		{86A4821B-CF2F-44EE-8DA7-6F2356403075}.Release|Any CPU.ActiveCfg = Release|Any CPU
		{86A4821B-CF2F-44EE-8DA7-6F2356403075}.Release|Any CPU.Build.0 = Release|Any CPU
		{0D3773C8-9323-461D-8C6F-1833B9500FFE}.Debug|Any CPU.ActiveCfg = Debug|Any CPU
		{0D3773C8-9323-461D-8C6F-1833B9500FFE}.Debug|Any CPU.Build.0 = Debug|Any CPU
		{0D3773C8-9323-461D-8C6F-1833B9500FFE}.Release|Any CPU.ActiveCfg = Release|Any CPU
		{0D3773C8-9323-461D-8C6F-1833B9500FFE}.Release|Any CPU.Build.0 = Release|Any CPU
		{7A4B0965-B17F-47BA-9559-20665C2857DC}.Debug|Any CPU.ActiveCfg = Debug|Any CPU
		{7A4B0965-B17F-47BA-9559-20665C2857DC}.Debug|Any CPU.Build.0 = Debug|Any CPU
		{7A4B0965-B17F-47BA-9559-20665C2857DC}.Release|Any CPU.ActiveCfg = Release|Any CPU
		{7A4B0965-B17F-47BA-9559-20665C2857DC}.Release|Any CPU.Build.0 = Release|Any CPU
	EndGlobalSection
	GlobalSection(SolutionProperties) = preSolution
		HideSolutionNode = FALSE
	EndGlobalSection
EndGlobal
